
Microsoft Visual Studio Solution File, Format Version 12.00
# Visual Studio 15
VisualStudioVersion = 15.0.26127.0
MinimumVisualStudioVersion = 10.0.40219.1
Project("{FAE04EC0-301F-11D3-BF4B-00C04F79EFBC}") = "CareBeer", "Knurd\CareBeer.csproj", "{843213BD-FBDB-43C7-8523-F6FF2293FB61}"
EndProject
Project("{FAE04EC0-301F-11D3-BF4B-00C04F79EFBC}") = "VoiceActivityDetection", "VoiceActivityDetection\VoiceActivityDetection.csproj", "{B7F24C36-8F29-462F-9944-6E311B973976}"
EndProject
Global
	GlobalSection(SolutionConfigurationPlatforms) = preSolution
		Debug|Any CPU = Debug|Any CPU
		Debug|ARM = Debug|ARM
		Debug|x64 = Debug|x64
		Debug|x86 = Debug|x86
		Release|Any CPU = Release|Any CPU
		Release|ARM = Release|ARM
		Release|x64 = Release|x64
		Release|x86 = Release|x86
	EndGlobalSection
	GlobalSection(ProjectConfigurationPlatforms) = postSolution
		{843213BD-FBDB-43C7-8523-F6FF2293FB61}.Debug|Any CPU.ActiveCfg = Debug|x86
		{843213BD-FBDB-43C7-8523-F6FF2293FB61}.Debug|ARM.ActiveCfg = Debug|ARM
		{843213BD-FBDB-43C7-8523-F6FF2293FB61}.Debug|ARM.Build.0 = Debug|ARM
		{843213BD-FBDB-43C7-8523-F6FF2293FB61}.Debug|ARM.Deploy.0 = Debug|ARM
		{843213BD-FBDB-43C7-8523-F6FF2293FB61}.Debug|x64.ActiveCfg = Debug|x64
		{843213BD-FBDB-43C7-8523-F6FF2293FB61}.Debug|x64.Build.0 = Debug|x64
		{843213BD-FBDB-43C7-8523-F6FF2293FB61}.Debug|x64.Deploy.0 = Debug|x64
		{843213BD-FBDB-43C7-8523-F6FF2293FB61}.Debug|x86.ActiveCfg = Debug|x86
		{843213BD-FBDB-43C7-8523-F6FF2293FB61}.Debug|x86.Build.0 = Debug|x86
		{843213BD-FBDB-43C7-8523-F6FF2293FB61}.Debug|x86.Deploy.0 = Debug|x86
		{843213BD-FBDB-43C7-8523-F6FF2293FB61}.Release|Any CPU.ActiveCfg = Release|x86
		{843213BD-FBDB-43C7-8523-F6FF2293FB61}.Release|ARM.ActiveCfg = Release|ARM
		{843213BD-FBDB-43C7-8523-F6FF2293FB61}.Release|ARM.Build.0 = Release|ARM
		{843213BD-FBDB-43C7-8523-F6FF2293FB61}.Release|ARM.Deploy.0 = Release|ARM
		{843213BD-FBDB-43C7-8523-F6FF2293FB61}.Release|x64.ActiveCfg = Release|x64
		{843213BD-FBDB-43C7-8523-F6FF2293FB61}.Release|x64.Build.0 = Release|x64
		{843213BD-FBDB-43C7-8523-F6FF2293FB61}.Release|x64.Deploy.0 = Release|x64
		{843213BD-FBDB-43C7-8523-F6FF2293FB61}.Release|x86.ActiveCfg = Release|x86
		{843213BD-FBDB-43C7-8523-F6FF2293FB61}.Release|x86.Build.0 = Release|x86
		{843213BD-FBDB-43C7-8523-F6FF2293FB61}.Release|x86.Deploy.0 = Release|x86
		{B7F24C36-8F29-462F-9944-6E311B973976}.Debug|Any CPU.ActiveCfg = Debug|Any CPU
		{B7F24C36-8F29-462F-9944-6E311B973976}.Debug|Any CPU.Build.0 = Debug|Any CPU
		{B7F24C36-8F29-462F-9944-6E311B973976}.Debug|ARM.ActiveCfg = Debug|ARM
		{B7F24C36-8F29-462F-9944-6E311B973976}.Debug|ARM.Build.0 = Debug|ARM
		{B7F24C36-8F29-462F-9944-6E311B973976}.Debug|x64.ActiveCfg = Debug|x64
		{B7F24C36-8F29-462F-9944-6E311B973976}.Debug|x64.Build.0 = Debug|x64
		{B7F24C36-8F29-462F-9944-6E311B973976}.Debug|x86.ActiveCfg = Debug|x86
		{B7F24C36-8F29-462F-9944-6E311B973976}.Debug|x86.Build.0 = Debug|x86
		{B7F24C36-8F29-462F-9944-6E311B973976}.Release|Any CPU.ActiveCfg = Release|Any CPU
		{B7F24C36-8F29-462F-9944-6E311B973976}.Release|Any CPU.Build.0 = Release|Any CPU
		{B7F24C36-8F29-462F-9944-6E311B973976}.Release|ARM.ActiveCfg = Release|ARM
		{B7F24C36-8F29-462F-9944-6E311B973976}.Release|ARM.Build.0 = Release|ARM
		{B7F24C36-8F29-462F-9944-6E311B973976}.Release|x64.ActiveCfg = Release|x64
		{B7F24C36-8F29-462F-9944-6E311B973976}.Release|x64.Build.0 = Release|x64
		{B7F24C36-8F29-462F-9944-6E311B973976}.Release|x86.ActiveCfg = Release|x86
		{B7F24C36-8F29-462F-9944-6E311B973976}.Release|x86.Build.0 = Release|x86
	EndGlobalSection
	GlobalSection(SolutionProperties) = preSolution
		HideSolutionNode = FALSE
	EndGlobalSection
EndGlobal
